version = 1
revision = 3
requires-python = ">=3.12"

[[package]]
name = "factory-boy"
version = "3.3.3"
source = { registry = "https://pypi.org/simple" }
dependencies = [
    { name = "faker" },
]
sdist = { url = "https://files.pythonhosted.org/packages/ba/98/75cacae9945f67cfe323829fc2ac451f64517a8a330b572a06a323997065/factory_boy-3.3.3.tar.gz", hash = "sha256:866862d226128dfac7f2b4160287e899daf54f2612778327dd03d0e2cb1e3d03", size = 164146, upload-time = "2025-02-03T09:49:04.433Z" }
wheels = [
    { url = "https://files.pythonhosted.org/packages/27/8d/2bc5f5546ff2ccb3f7de06742853483ab75bf74f36a92254702f8baecc79/factory_boy-3.3.3-py2.py3-none-any.whl", hash = "sha256:1c39e3289f7e667c4285433f305f8d506efc2fe9c73aaea4151ebd5cdea394fc", size = 37036, upload-time = "2025-02-03T09:49:01.659Z" },
]

[[package]]
name = "faker"
version = "37.12.0"
source = { registry = "https://pypi.org/simple" }
dependencies = [
    { name = "tzdata" },
]
sdist = { url = "https://files.pythonhosted.org/packages/3d/84/e95acaa848b855e15c83331d0401ee5f84b2f60889255c2e055cb4fb6bdf/faker-37.12.0.tar.gz", hash = "sha256:7505e59a7e02fa9010f06c3e1e92f8250d4cfbb30632296140c2d6dbef09b0fa", size = 1935741, upload-time = "2025-10-24T15:19:58.764Z" }
wheels = [
    { url = "https://files.pythonhosted.org/packages/8e/98/2c050dec90e295a524c9b65c4cb9e7c302386a296b2938710448cbd267d5/faker-37.12.0-py3-none-any.whl", hash = "sha256:afe7ccc038da92f2fbae30d8e16d19d91e92e242f8401ce9caf44de892bab4c4", size = 1975461, upload-time = "2025-10-24T15:19:55.739Z" },
]

[[package]]
name = "jmespath"
version = "1.0.1"
source = { registry = "https://pypi.org/simple" }
sdist = { url = "https://files.pythonhosted.org/packages/00/2a/e867e8531cf3e36b41201936b7fa7ba7b5702dbef42922193f05c8976cd6/jmespath-1.0.1.tar.gz", hash = "sha256:90261b206d6defd58fdd5e85f478bf633a2901798906be2ad389150c5c60edbe", size = 25843, upload-time = "2022-06-17T18:00:12.224Z" }
wheels = [
    { url = "https://files.pythonhosted.org/packages/31/b4/b9b800c45527aadd64d5b442f9b932b00648617eb5d63d2c7a6587b7cafc/jmespath-1.0.1-py3-none-any.whl", hash = "sha256:02e2e4cc71b5bcab88332eebf907519190dd9e6e82107fa7f83b1003a6252980", size = 20256, upload-time = "2022-06-17T18:00:10.251Z" },
]

[[package]]
name = "polars"
version = "1.35.0"
source = { registry = "https://pypi.org/simple" }
dependencies = [
    { name = "polars-runtime-32" },
]
sdist = { url = "https://files.pythonhosted.org/packages/c8/b3/9e983ebe6a5163b5c7415854e476b90ad7c3ac10c51479ca14c08ba7c9a9/polars-1.35.0.tar.gz", hash = "sha256:2e9bff26293c0b208e74d4232313d09053e49b4a04fc8fd3e48def7d3e843ba1", size = 693879, upload-time = "2025-10-26T20:05:08.11Z" }
wheels = [
    { url = "https://files.pythonhosted.org/packages/62/c1/2a126b8c70fd71862ac96b6d4b1f157c671e376b94c390f91c60378a1397/polars-1.35.0-py3-none-any.whl", hash = "sha256:d4b2d37c3d3b15723a95639460ed19b7732f08087b038601b4ecd1e1133c0767", size = 782572, upload-time = "2025-10-26T20:04:11.422Z" },
]

[[package]]
name = "polars-runtime-32"
version = "1.35.0"
source = { registry = "https://pypi.org/simple" }
sdist = { url = "https://files.pythonhosted.org/packages/e9/87/92c043153fe55f9487ad994f2af926ce9b09d3ea08181a08d1be525feb5a/polars_runtime_32-1.35.0.tar.gz", hash = "sha256:4c3e494c23191e30b5da9e4e297b1b292bd3b1d2d1bd08fc5a71ad739751bc4a", size = 2696034, upload-time = "2025-10-26T20:05:09.254Z" }
wheels = [
    { url = "https://files.pythonhosted.org/packages/8a/5e/0c8419e429be52714b120d71c6042311ad1fd61a22acd0d7e499b18fb267/polars_runtime_32-1.35.0-cp39-abi3-macosx_10_12_x86_64.whl", hash = "sha256:e34a07f610c69e1ffd0598ce02c166cfd0db442a4e72474cbb8c7b9ded4407b1", size = 40681352, upload-time = "2025-10-26T20:04:14.363Z" },
    { url = "https://files.pythonhosted.org/packages/66/4f/6d66077c552720bf56410b831d365863e0b4f3794392e55a08fc7bd2a6c0/polars_runtime_32-1.35.0-cp39-abi3-macosx_11_0_arm64.whl", hash = "sha256:d1c5006c033bb63821eb7e2f0c805d6412bd4b92fcf45483528f7a82b66f7d30", size = 36943744, upload-time = "2025-10-26T20:04:17.166Z" },
    { url = "https://files.pythonhosted.org/packages/50/8d/fc7afb147631dc8e44303cc2a6b102a61ae8870f6aac5cd30eecc6e97dec/polars_runtime_32-1.35.0-cp39-abi3-manylinux_2_17_x86_64.manylinux2014_x86_64.whl", hash = "sha256:a72fdfd4e51114d4b99583246487959004a5ad59be3798e7ef59041e94d2ba58", size = 41453143, upload-time = "2025-10-26T20:04:20.215Z" },
    { url = "https://files.pythonhosted.org/packages/6d/f1/e47b11e01f3c74dadb5cd6e770014e302a99b842e4b8322a5bcc455c63e0/polars_runtime_32-1.35.0-cp39-abi3-manylinux_2_24_aarch64.whl", hash = "sha256:2ac8a5d13a115b421e39d880b7d786252d6bd31cbcd89a2e4f8a261847f428ed", size = 37959755, upload-time = "2025-10-26T20:04:23.186Z" },
    { url = "https://files.pythonhosted.org/packages/c4/6a/e90c35a8d18666907b2d0d0ad904ff01a5742c1687f31abcf2e60a0a01dd/polars_runtime_32-1.35.0-cp39-abi3-win_amd64.whl", hash = "sha256:c15ef252d1ab8f6679ef53078650d6ef919dcf44cbd08ec0b3a9f1b38d51bd2d", size = 41374043, upload-time = "2025-10-26T20:04:26.824Z" },
    { url = "https://files.pythonhosted.org/packages/84/af/819eab57fdad2e2d2c1b56643028b07219946f1c004b3251b4e013b40b16/polars_runtime_32-1.35.0-cp39-abi3-win_arm64.whl", hash = "sha256:4929085b40d8f0ba3f29e33ee37e2f01be00498d110677be38202f9fcf984a57", size = 37034957, upload-time = "2025-10-26T20:04:29.333Z" },
]

[[package]]
name = "querydict"
version = "0.1.0"
source = { editable = "." }
dependencies = [
    { name = "jmespath" },
]

[package.dev-dependencies]
dev = [
    { name = "factory-boy" },
    { name = "faker" },
    { name = "polars" },
]

[package.metadata]
requires-dist = [{ name = "jmespath", specifier = ">=1.0.1" }]

[package.metadata.requires-dev]
dev = [
    { name = "factory-boy", specifier = ">=3.3.3" },
    { name = "faker", specifier = ">=37.12.0" },
    { name = "polars", specifier = ">=1.35.0" },
]

[[package]]
name = "tzdata"
version = "2025.2"
source = { registry = "https://pypi.org/simple" }
sdist = { url = "https://files.pythonhosted.org/packages/95/32/1a225d6164441be760d75c2c42e2780dc0873fe382da3e98a2e1e48361e5/tzdata-2025.2.tar.gz", hash = "sha256:b60a638fcc0daffadf82fe0f57e53d06bdec2f36c4df66280ae79bce6bd6f2b9", size = 196380, upload-time = "2025-03-23T13:54:43.652Z" }
wheels = [
    { url = "https://files.pythonhosted.org/packages/5c/23/c7abc0ca0a1526a0774eca151daeb8de62ec457e77262b66b359c3c7679e/tzdata-2025.2-py2.py3-none-any.whl", hash = "sha256:1a403fada01ff9221ca8044d701868fa132215d84beb92242d9acd2147f667a8", size = 347839, upload-time = "2025-03-23T13:54:41.845Z" },
]
